
Microsoft Visual Studio Solution File, Format Version 12.00
# Visual Studio Version 17
VisualStudioVersion = 17.7.34024.191
MinimumVisualStudioVersion = 10.0.40219.1
Project("{FAE04EC0-301F-11D3-BF4B-00C04F79EFBC}") = "c#2_xuong", "c#2_xuong\c#2_xuong.csproj", "{A9C705C8-06A9-4DC5-82AD-C3CDFC84ABFE}"
EndProject
Global
	GlobalSection(SolutionConfigurationPlatforms) = preSolution
		Debug|Any CPU = Debug|Any CPU
		Release|Any CPU = Release|Any CPU
	EndGlobalSection
	GlobalSection(ProjectConfigurationPlatforms) = postSolution
		{A9C705C8-06A9-4DC5-82AD-C3CDFC84ABFE}.Debug|Any CPU.ActiveCfg = Debug|Any CPU
		{A9C705C8-06A9-4DC5-82AD-C3CDFC84ABFE}.Debug|Any CPU.Build.0 = Debug|Any CPU
		{A9C705C8-06A9-4DC5-82AD-C3CDFC84ABFE}.Release|Any CPU.ActiveCfg = Release|Any CPU
		{A9C705C8-06A9-4DC5-82AD-C3CDFC84ABFE}.Release|Any CPU.Build.0 = Release|Any CPU
	EndGlobalSection
	GlobalSection(SolutionProperties) = preSolution
		HideSolutionNode = FALSE
	EndGlobalSection
	GlobalSection(ExtensibilityGlobals) = postSolution
		SolutionGuid = {DB0E29DD-A416-43D5-B06A-C56E5C2214EC}
	EndGlobalSection
EndGlobal
